
Microsoft Visual Studio Solution File, Format Version 12.00
# Visual Studio Version 16
VisualStudioVersion = 16.0.31515.178
MinimumVisualStudioVersion = 10.0.40219.1
Project("{FAE04EC0-301F-11D3-BF4B-00C04F79EFBC}") = "imc", "imc.csproj", "{899729D8-7812-4FB9-92FE-0D53F49EE98F}"
EndProject
Global
	GlobalSection(SolutionConfigurationPlatforms) = preSolution
		Debug|Any CPU = Debug|Any CPU
		Release|Any CPU = Release|Any CPU
	EndGlobalSection
	GlobalSection(ProjectConfigurationPlatforms) = postSolution
		{899729D8-7812-4FB9-92FE-0D53F49EE98F}.Debug|Any CPU.ActiveCfg = Debug|Any CPU
		{899729D8-7812-4FB9-92FE-0D53F49EE98F}.Debug|Any CPU.Build.0 = Debug|Any CPU
		{899729D8-7812-4FB9-92FE-0D53F49EE98F}.Release|Any CPU.ActiveCfg = Release|Any CPU
		{899729D8-7812-4FB9-92FE-0D53F49EE98F}.Release|Any CPU.Build.0 = Release|Any CPU
	EndGlobalSection
	GlobalSection(SolutionProperties) = preSolution
		HideSolutionNode = FALSE
	EndGlobalSection
	GlobalSection(ExtensibilityGlobals) = postSolution
		SolutionGuid = {EDA39A0C-D14E-4226-90F8-59A9D8D6579B}
	EndGlobalSection
EndGlobal
